
Microsoft Visual Studio Solution File, Format Version 12.00
# Visual Studio Version 17
VisualStudioVersion = 17.11.35312.102
MinimumVisualStudioVersion = 10.0.40219.1
Project("{FAE04EC0-301F-11D3-BF4B-00C04F79EFBC}") = "WebApplication4", "WebApplication4\WebApplication4.csproj", "{2A6B2552-3D3D-40D7-835F-484BE7D3EBCE}"
EndProject
Global
	GlobalSection(SolutionConfigurationPlatforms) = preSolution
		Debug|Any CPU = Debug|Any CPU
		Release|Any CPU = Release|Any CPU
	EndGlobalSection
	GlobalSection(ProjectConfigurationPlatforms) = postSolution
		{2A6B2552-3D3D-40D7-835F-484BE7D3EBCE}.Debug|Any CPU.ActiveCfg = Debug|Any CPU
		{2A6B2552-3D3D-40D7-835F-484BE7D3EBCE}.Debug|Any CPU.Build.0 = Debug|Any CPU
		{2A6B2552-3D3D-40D7-835F-484BE7D3EBCE}.Release|Any CPU.ActiveCfg = Release|Any CPU
		{2A6B2552-3D3D-40D7-835F-484BE7D3EBCE}.Release|Any CPU.Build.0 = Release|Any CPU
	EndGlobalSection
	GlobalSection(SolutionProperties) = preSolution
		HideSolutionNode = FALSE
	EndGlobalSection
	GlobalSection(ExtensibilityGlobals) = postSolution
		SolutionGuid = {3609C26F-FCBA-467E-8C98-13D1835B0006}
	EndGlobalSection
EndGlobal
